
Microsoft Visual Studio Solution File, Format Version 12.00
# Visual Studio Version 16
VisualStudioVersion = 16.0.31729.503
MinimumVisualStudioVersion = 10.0.40219.1
Project("{FAE04EC0-301F-11D3-BF4B-00C04F79EFBC}") = "prac4.2(c)", "prac4.2(c)\prac4.2(c).csproj", "{2214A30C-A19D-4326-9C0F-4BC38E57C078}"
EndProject
Global
	GlobalSection(SolutionConfigurationPlatforms) = preSolution
		Debug|Any CPU = Debug|Any CPU
		Release|Any CPU = Release|Any CPU
	EndGlobalSection
	GlobalSection(ProjectConfigurationPlatforms) = postSolution
		{2214A30C-A19D-4326-9C0F-4BC38E57C078}.Debug|Any CPU.ActiveCfg = Debug|Any CPU
		{2214A30C-A19D-4326-9C0F-4BC38E57C078}.Debug|Any CPU.Build.0 = Debug|Any CPU
		{2214A30C-A19D-4326-9C0F-4BC38E57C078}.Release|Any CPU.ActiveCfg = Release|Any CPU
		{2214A30C-A19D-4326-9C0F-4BC38E57C078}.Release|Any CPU.Build.0 = Release|Any CPU
	EndGlobalSection
	GlobalSection(SolutionProperties) = preSolution
		HideSolutionNode = FALSE
	EndGlobalSection
	GlobalSection(ExtensibilityGlobals) = postSolution
		SolutionGuid = {18EFF8AD-A7AB-4B23-BA08-3A46516D2AA7}
	EndGlobalSection
EndGlobal
